
Microsoft Visual Studio Solution File, Format Version 12.00
# Visual Studio 15
VisualStudioVersion = 15.0.27428.2027
MinimumVisualStudioVersion = 10.0.40219.1
Project("{FAE04EC0-301F-11D3-BF4B-00C04F79EFBC}") = "SAPConnector.Form", "SAPConnector.Form\SAPConnector.Form.csproj", "{C0A3F0A1-0684-4574-AAE5-DBC026DFC2BB}"
EndProject
Project("{FAE04EC0-301F-11D3-BF4B-00C04F79EFBC}") = "SAPConnector.Core", "SAPConnector.Core\SAPConnector.Core.csproj", "{D6E8D4FE-F4F8-4537-9141-22B1F175E539}"
EndProject
Global
	GlobalSection(SolutionConfigurationPlatforms) = preSolution
		Debug|Any CPU = Debug|Any CPU
		Release|Any CPU = Release|Any CPU
	EndGlobalSection
	GlobalSection(ProjectConfigurationPlatforms) = postSolution
		{C0A3F0A1-0684-4574-AAE5-DBC026DFC2BB}.Debug|Any CPU.ActiveCfg = Debug|Any CPU
		{C0A3F0A1-0684-4574-AAE5-DBC026DFC2BB}.Debug|Any CPU.Build.0 = Debug|Any CPU
		{C0A3F0A1-0684-4574-AAE5-DBC026DFC2BB}.Release|Any CPU.ActiveCfg = Release|Any CPU
		{C0A3F0A1-0684-4574-AAE5-DBC026DFC2BB}.Release|Any CPU.Build.0 = Release|Any CPU
		{D6E8D4FE-F4F8-4537-9141-22B1F175E539}.Debug|Any CPU.ActiveCfg = Debug|Any CPU
		{D6E8D4FE-F4F8-4537-9141-22B1F175E539}.Debug|Any CPU.Build.0 = Debug|Any CPU
		{D6E8D4FE-F4F8-4537-9141-22B1F175E539}.Release|Any CPU.ActiveCfg = Release|Any CPU
		{D6E8D4FE-F4F8-4537-9141-22B1F175E539}.Release|Any CPU.Build.0 = Release|Any CPU
	EndGlobalSection
	GlobalSection(SolutionProperties) = preSolution
		HideSolutionNode = FALSE
	EndGlobalSection
	GlobalSection(ExtensibilityGlobals) = postSolution
		SolutionGuid = {D7E05AE0-3063-48DC-9517-A40257D7C07B}
	EndGlobalSection
EndGlobal
